
Microsoft Visual Studio Solution File, Format Version 12.00
# Visual Studio Version 17
VisualStudioVersion = 17.11.35312.102
MinimumVisualStudioVersion = 10.0.40219.1
Project("{2150E333-8FDC-42A3-9474-1A3956D46DE8}") = "src", "src", "{D66814F7-C93D-4D51-B13E-34135CA145B8}"
EndProject
Project("{2150E333-8FDC-42A3-9474-1A3956D46DE8}") = "test", "test", "{B5678CD2-546A-4162-876F-B92761620ADA}"
	ProjectSection(SolutionItems) = preProject
		test\Directory.Build.props = test\Directory.Build.props
	EndProjectSection
EndProject
Project("{9A19103F-16F7-4668-BE54-9A1E7A4F7556}") = "CharacterSheets.Core", "src\CharacterSheets.Core\CharacterSheets.Core.csproj", "{7AC6BD3B-BCDD-4A01-80A9-3021BCDE52EF}"
EndProject
Project("{9A19103F-16F7-4668-BE54-9A1E7A4F7556}") = "CharacterSheets.Core.Tests.Unit", "test\CharacterSheets.Core.Tests.Unit\CharacterSheets.Core.Tests.Unit.csproj", "{A6D07F6D-14A0-459C-B334-3B7093D318BE}"
EndProject
Project("{2150E333-8FDC-42A3-9474-1A3956D46DE8}") = "Solution Items", "Solution Items", "{567D8004-0A51-4D16-AEEA-E0DC0469B523}"
	ProjectSection(SolutionItems) = preProject
		.editorconfig = .editorconfig
		Directory.Build.props = Directory.Build.props
	EndProjectSection
EndProject
Project("{9A19103F-16F7-4668-BE54-9A1E7A4F7556}") = "CharacterSheets.Core.Tests.Shared", "test\CharacterSheets.Core.Tests.Shared\CharacterSheets.Core.Tests.Shared.csproj", "{8AF229DA-4767-4125-816B-AEC34ED58955}"
EndProject
Project("{9A19103F-16F7-4668-BE54-9A1E7A4F7556}") = "CharacterSheets.Adapters.Files", "src\CharacterSheets.Adapters.Files\CharacterSheets.Adapters.Files.csproj", "{1E028B4D-0164-45DE-99CC-E851D4B15BFD}"
EndProject
Project("{2150E333-8FDC-42A3-9474-1A3956D46DE8}") = "Adapters", "Adapters", "{2FD9139B-A533-4253-B0E8-6E234188BBDB}"
EndProject
Project("{9A19103F-16F7-4668-BE54-9A1E7A4F7556}") = "CharacterSheets.Adapters.Files.Tests.Unit", "test\CharacterSheets.Adapters.Files.Tests.Unit\CharacterSheets.Adapters.Files.Tests.Unit.csproj", "{80685E64-39F3-4844-A4AD-480DE664A95C}"
EndProject
Project("{FAE04EC0-301F-11D3-BF4B-00C04F79EFBC}") = "CharacterSheets.Adapters.DndBeyond", "src\CharacterSheets.Adapters.DndBeyond\CharacterSheets.Adapters.DndBeyond.csproj", "{898BA47F-E37F-451A-BF0B-527ACDFA33D8}"
EndProject
Project("{FAE04EC0-301F-11D3-BF4B-00C04F79EFBC}") = "CharacterSheets.Adapters.DndBeyond.Tests.Unit", "test\CharacterSheets.Adapters.DndBeyond.Tests.Unit\CharacterSheets.Adapters.DndBeyond.Tests.Unit.csproj", "{5F345DB7-78A2-437D-8E08-FD4AD291CB3F}"
EndProject
Project("{FAE04EC0-301F-11D3-BF4B-00C04F79EFBC}") = "CharacterSheets.DiscordApp", "src\CharacterSheets.DiscordApp\CharacterSheets.DiscordApp.csproj", "{3EB9507D-1087-40A9-AD10-270EC810A56D}"
EndProject
Project("{FAE04EC0-301F-11D3-BF4B-00C04F79EFBC}") = "CharacterSheets.Adapters.Discord", "src\CharacterSheets.Adapters.Discord\CharacterSheets.Adapters.Discord.csproj", "{D0CACA07-7DFD-494F-9257-6989A41CDB4C}"
EndProject
Global
	GlobalSection(SolutionConfigurationPlatforms) = preSolution
		Debug|Any CPU = Debug|Any CPU
		Release|Any CPU = Release|Any CPU
	EndGlobalSection
	GlobalSection(ProjectConfigurationPlatforms) = postSolution
		{7AC6BD3B-BCDD-4A01-80A9-3021BCDE52EF}.Debug|Any CPU.ActiveCfg = Debug|Any CPU
		{7AC6BD3B-BCDD-4A01-80A9-3021BCDE52EF}.Debug|Any CPU.Build.0 = Debug|Any CPU
		{7AC6BD3B-BCDD-4A01-80A9-3021BCDE52EF}.Release|Any CPU.ActiveCfg = Release|Any CPU
		{7AC6BD3B-BCDD-4A01-80A9-3021BCDE52EF}.Release|Any CPU.Build.0 = Release|Any CPU
		{A6D07F6D-14A0-459C-B334-3B7093D318BE}.Debug|Any CPU.ActiveCfg = Debug|Any CPU
		{A6D07F6D-14A0-459C-B334-3B7093D318BE}.Debug|Any CPU.Build.0 = Debug|Any CPU
		{A6D07F6D-14A0-459C-B334-3B7093D318BE}.Release|Any CPU.ActiveCfg = Release|Any CPU
		{A6D07F6D-14A0-459C-B334-3B7093D318BE}.Release|Any CPU.Build.0 = Release|Any CPU
		{8AF229DA-4767-4125-816B-AEC34ED58955}.Debug|Any CPU.ActiveCfg = Debug|Any CPU
		{8AF229DA-4767-4125-816B-AEC34ED58955}.Debug|Any CPU.Build.0 = Debug|Any CPU
		{8AF229DA-4767-4125-816B-AEC34ED58955}.Release|Any CPU.ActiveCfg = Release|Any CPU
		{8AF229DA-4767-4125-816B-AEC34ED58955}.Release|Any CPU.Build.0 = Release|Any CPU
		{1E028B4D-0164-45DE-99CC-E851D4B15BFD}.Debug|Any CPU.ActiveCfg = Debug|Any CPU
		{1E028B4D-0164-45DE-99CC-E851D4B15BFD}.Debug|Any CPU.Build.0 = Debug|Any CPU
		{1E028B4D-0164-45DE-99CC-E851D4B15BFD}.Release|Any CPU.ActiveCfg = Release|Any CPU
		{1E028B4D-0164-45DE-99CC-E851D4B15BFD}.Release|Any CPU.Build.0 = Release|Any CPU
		{80685E64-39F3-4844-A4AD-480DE664A95C}.Debug|Any CPU.ActiveCfg = Debug|Any CPU
		{80685E64-39F3-4844-A4AD-480DE664A95C}.Debug|Any CPU.Build.0 = Debug|Any CPU
		{80685E64-39F3-4844-A4AD-480DE664A95C}.Release|Any CPU.ActiveCfg = Release|Any CPU
		{80685E64-39F3-4844-A4AD-480DE664A95C}.Release|Any CPU.Build.0 = Release|Any CPU
		{898BA47F-E37F-451A-BF0B-527ACDFA33D8}.Debug|Any CPU.ActiveCfg = Debug|Any CPU
		{898BA47F-E37F-451A-BF0B-527ACDFA33D8}.Debug|Any CPU.Build.0 = Debug|Any CPU
		{898BA47F-E37F-451A-BF0B-527ACDFA33D8}.Release|Any CPU.ActiveCfg = Release|Any CPU
		{898BA47F-E37F-451A-BF0B-527ACDFA33D8}.Release|Any CPU.Build.0 = Release|Any CPU
		{5F345DB7-78A2-437D-8E08-FD4AD291CB3F}.Debug|Any CPU.ActiveCfg = Debug|Any CPU
		{5F345DB7-78A2-437D-8E08-FD4AD291CB3F}.Debug|Any CPU.Build.0 = Debug|Any CPU
		{5F345DB7-78A2-437D-8E08-FD4AD291CB3F}.Release|Any CPU.ActiveCfg = Release|Any CPU
		{5F345DB7-78A2-437D-8E08-FD4AD291CB3F}.Release|Any CPU.Build.0 = Release|Any CPU
		{3EB9507D-1087-40A9-AD10-270EC810A56D}.Debug|Any CPU.ActiveCfg = Debug|Any CPU
		{3EB9507D-1087-40A9-AD10-270EC810A56D}.Debug|Any CPU.Build.0 = Debug|Any CPU
		{3EB9507D-1087-40A9-AD10-270EC810A56D}.Release|Any CPU.ActiveCfg = Release|Any CPU
		{3EB9507D-1087-40A9-AD10-270EC810A56D}.Release|Any CPU.Build.0 = Release|Any CPU
		{D0CACA07-7DFD-494F-9257-6989A41CDB4C}.Debug|Any CPU.ActiveCfg = Debug|Any CPU
		{D0CACA07-7DFD-494F-9257-6989A41CDB4C}.Debug|Any CPU.Build.0 = Debug|Any CPU
		{D0CACA07-7DFD-494F-9257-6989A41CDB4C}.Release|Any CPU.ActiveCfg = Release|Any CPU
		{D0CACA07-7DFD-494F-9257-6989A41CDB4C}.Release|Any CPU.Build.0 = Release|Any CPU
	EndGlobalSection
	GlobalSection(SolutionProperties) = preSolution
		HideSolutionNode = FALSE
	EndGlobalSection
	GlobalSection(NestedProjects) = preSolution
		{7AC6BD3B-BCDD-4A01-80A9-3021BCDE52EF} = {D66814F7-C93D-4D51-B13E-34135CA145B8}
		{A6D07F6D-14A0-459C-B334-3B7093D318BE} = {B5678CD2-546A-4162-876F-B92761620ADA}
		{8AF229DA-4767-4125-816B-AEC34ED58955} = {B5678CD2-546A-4162-876F-B92761620ADA}
		{1E028B4D-0164-45DE-99CC-E851D4B15BFD} = {2FD9139B-A533-4253-B0E8-6E234188BBDB}
		{2FD9139B-A533-4253-B0E8-6E234188BBDB} = {D66814F7-C93D-4D51-B13E-34135CA145B8}
		{80685E64-39F3-4844-A4AD-480DE664A95C} = {B5678CD2-546A-4162-876F-B92761620ADA}
		{898BA47F-E37F-451A-BF0B-527ACDFA33D8} = {2FD9139B-A533-4253-B0E8-6E234188BBDB}
		{5F345DB7-78A2-437D-8E08-FD4AD291CB3F} = {B5678CD2-546A-4162-876F-B92761620ADA}
		{3EB9507D-1087-40A9-AD10-270EC810A56D} = {D66814F7-C93D-4D51-B13E-34135CA145B8}
		{D0CACA07-7DFD-494F-9257-6989A41CDB4C} = {2FD9139B-A533-4253-B0E8-6E234188BBDB}
	EndGlobalSection
	GlobalSection(ExtensibilityGlobals) = postSolution
		SolutionGuid = {8051FCFF-AE23-447E-8FDB-80DA87CE3F6A}
	EndGlobalSection
EndGlobal
